{
  "originHash" : "c6bf857ca55ae2e672776b02a4c31f98af6f617628d6692a54205d0432e68c92",
  "pins" : [
    {
      "identity" : "apphudsdk",
      "kind" : "remoteSourceControl",
      "location" : "https://github.com/apphud/ApphudSDK.git",
      "state" : {
        "revision" : "98824094c6f304d7b2c167e5f72ac9e679fde699",
        "version" : "3.1.0"
      }
    }
  ],
  "version" : 3
}
